# This file is generated by running "yarn install" inside your project.
# Manual changes might be lost - proceed with caution!

__metadata:
  version: 6
  cacheKey: 8

"@openzeppelin/contracts@npm:^4.9.0":
  version: 4.9.0
  resolution: "@openzeppelin/contracts@npm:4.9.0"
  checksum: aa1499897f85821f9184497f5201152a4a272b05749c85c209e9e553d734467a78557bcd2efe35f07994d6e14f30c545b239a4f63622f27f808182efb3103658
  languageName: node
  linkType: hard

"WepAPP-2023-Final-Project@workspace:.":
  version: 0.0.0-use.local
  resolution: "WepAPP-2023-Final-Project@workspace:."
  dependencies:
    "@openzeppelin/contracts": ^4.9.0
  languageName: unknown
  linkType: soft
